// !$*UTF8*$!
{
	archiveVersion = 1;
	classes = {
	};
	objectVersion = 50;
	objects = {

/* Begin PBXBuildFile section */
		91062B2A2175F145002673FB /* AppDelegate.swift in Sources */ = {isa = PBXBuildFile; fileRef = 91062B292175F145002673FB /* AppDelegate.swift */; };
		91062B2C2175F145002673FB /* ViewController.swift in Sources */ = {isa = PBXBuildFile; fileRef = 91062B2B2175F145002673FB /* ViewController.swift */; };
		91062B2F2175F145002673FB /* Main.storyboard in Resources */ = {isa = PBXBuildFile; fileRef = 91062B2D2175F145002673FB /* Main.storyboard */; };
		91062B312175F14A002673FB /* Assets.xcassets in Resources */ = {isa = PBXBuildFile; fileRef = 91062B302175F14A002673FB /* Assets.xcassets */; };
		91062B342175F14A002673FB /* LaunchScreen.storyboard in Resources */ = {isa = PBXBuildFile; fileRef = 91062B322175F14A002673FB /* LaunchScreen.storyboard */; };
		91062B3F2175F14A002673FB /* SwiftCodableWithAlamofireTests.swift in Sources */ = {isa = PBXBuildFile; fileRef = 91062B3E2175F14A002673FB /* SwiftCodableWithAlamofireTests.swift */; };
		91062B4A2175F14A002673FB /* SwiftCodableWithAlamofireUITests.swift in Sources */ = {isa = PBXBuildFile; fileRef = 91062B492175F14A002673FB /* SwiftCodableWithAlamofireUITests.swift */; };
/* End PBXBuildFile section */

/* Begin PBXContainerItemProxy section */
		91062B3B2175F14A002673FB /* PBXContainerItemProxy */ = {
			isa = PBXContainerItemProxy;
			containerPortal = 91062B1E2175F145002673FB /* Project object */;
			proxyType = 1;
			remoteGlobalIDString = 91062B252175F145002673FB;
			remoteInfo = SwiftCodableWithAlamofire;
		};
		91062B462175F14A002673FB /* PBXContainerItemProxy */ = {
			isa = PBXContainerItemProxy;
			containerPortal = 91062B1E2175F145002673FB /* Project object */;
			proxyType = 1;
			remoteGlobalIDString = 91062B252175F145002673FB;
			remoteInfo = SwiftCodableWithAlamofire;
		};
/* End PBXContainerItemProxy section */

/* Begin PBXFileReference section */
		91062B262175F145002673FB /* SwiftCodableWithAlamofire.app */ = {isa = PBXFileReference; explicitFileType = wrapper.application; includeInIndex = 0; path = SwiftCodableWithAlamofire.app; sourceTree = BUILT_PRODUCTS_DIR; };
		91062B292175F145002673FB /* AppDelegate.swift */ = {isa = PBXFileReference; lastKnownFileType = sourcecode.swift; path = AppDelegate.swift; sourceTree = "<group>"; };
		91062B2B2175F145002673FB /* ViewController.swift */ = {isa = PBXFileReference; lastKnownFileType = sourcecode.swift; path = ViewController.swift; sourceTree = "<group>"; };
		91062B2E2175F145002673FB /* Base */ = {isa = PBXFileReference; lastKnownFileType = file.storyboard; name = Base; path = Base.lproj/Main.storyboard; sourceTree = "<group>"; };
		91062B302175F14A002673FB /* Assets.xcassets */ = {isa = PBXFileReference; lastKnownFileType = folder.assetcatalog; path = Assets.xcassets; sourceTree = "<group>"; };
		91062B332175F14A002673FB /* Base */ = {isa = PBXFileReference; lastKnownFileType = file.storyboard; name = Base; path = Base.lproj/LaunchScreen.storyboard; sourceTree = "<group>"; };
		91062B352175F14A002673FB /* Info.plist */ = {isa = PBXFileReference; lastKnownFileType = text.plist.xml; path = Info.plist; sourceTree = "<group>"; };
		91062B3A2175F14A002673FB /* SwiftCodableWithAlamofireTests.xctest */ = {isa = PBXFileReference; explicitFileType = wrapper.cfbundle; includeInIndex = 0; path = SwiftCodableWithAlamofireTests.xctest; sourceTree = BUILT_PRODUCTS_DIR; };
		91062B3E2175F14A002673FB /* SwiftCodableWithAlamofireTests.swift */ = {isa = PBXFileReference; lastKnownFileType = sourcecode.swift; path = SwiftCodableWithAlamofireTests.swift; sourceTree = "<group>"; };
		91062B402175F14A002673FB /* Info.plist */ = {isa = PBXFileReference; lastKnownFileType = text.plist.xml; path = Info.plist; sourceTree = "<group>"; };
		91062B452175F14A002673FB /* SwiftCodableWithAlamofireUITests.xctest */ = {isa = PBXFileReference; explicitFileType = wrapper.cfbundle; includeInIndex = 0; path = SwiftCodableWithAlamofireUITests.xctest; sourceTree = BUILT_PRODUCTS_DIR; };
		91062B492175F14A002673FB /* SwiftCodableWithAlamofireUITests.swift */ = {isa = PBXFileReference; lastKnownFileType = sourcecode.swift; path = SwiftCodableWithAlamofireUITests.swift; sourceTree = "<group>"; };
		91062B4B2175F14A002673FB /* Info.plist */ = {isa = PBXFileReference; lastKnownFileType = text.plist.xml; path = Info.plist; sourceTree = "<group>"; };
/* End PBXFileReference section */

/* Begin PBXFrameworksBuildPhase section */
		91062B232175F145002673FB /* Frameworks */ = {
			isa = PBXFrameworksBuildPhase;
			buildActionMask = 2147483647;
			files = (
			);
			runOnlyForDeploymentPostprocessing = 0;
		};
		91062B372175F14A002673FB /* Frameworks */ = {
			isa = PBXFrameworksBuildPhase;
			buildActionMask = 2147483647;
			files = (
			);
			runOnlyForDeploymentPostprocessing = 0;
		};
		91062B422175F14A002673FB /* Frameworks */ = {
			isa = PBXFrameworksBuildPhase;
			buildActionMask = 2147483647;
			files = (
			);
			runOnlyForDeploymentPostprocessing = 0;
		};
/* End PBXFrameworksBuildPhase section */

/* Begin PBXGroup section */
		91062B1D2175F145002673FB = {
			isa = PBXGroup;
			children = (
				91062B282175F145002673FB /* SwiftCodableWithAlamofire */,
				91062B3D2175F14A002673FB /* SwiftCodableWithAlamofireTests */,
				91062B482175F14A002673FB /* SwiftCodableWithAlamofireUITests */,
				91062B272175F145002673FB /* Products */,
			);
			sourceTree = "<group>";
		};
		91062B272175F145002673FB /* Products */ = {
			isa = PBXGroup;
			children = (
				91062B262175F145002673FB /* SwiftCodableWithAlamofire.app */,
				91062B3A2175F14A002673FB /* SwiftCodableWithAlamofireTests.xctest */,
				91062B452175F14A002673FB /* SwiftCodableWithAlamofireUITests.xctest */,
			);
			name = Products;
			sourceTree = "<group>";
		};
		91062B282175F145002673FB /* SwiftCodableWithAlamofire */ = {
			isa = PBXGroup;
			children = (
				91062B292175F145002673FB /* AppDelegate.swift */,
				91062B2B2175F145002673FB /* ViewController.swift */,
				91062B2D2175F145002673FB /* Main.storyboard */,
				91062B302175F14A002673FB /* Assets.xcassets */,
				91062B322175F14A002673FB /* LaunchScreen.storyboard */,
				91062B352175F14A002673FB /* Info.plist */,
			);
			path = SwiftCodableWithAlamofire;
			sourceTree = "<group>";
		};
		91062B3D2175F14A002673FB /* SwiftCodableWithAlamofireTests */ = {
			isa = PBXGroup;
			children = (
				91062B3E2175F14A002673FB /* SwiftCodableWithAlamofireTests.swift */,
				91062B402175F14A002673FB /* Info.plist */,
			);
			path = SwiftCodableWithAlamofireTests;
			sourceTree = "<group>";
		};
		91062B482175F14A002673FB /* SwiftCodableWithAlamofireUITests */ = {
			isa = PBXGroup;
			children = (
				91062B492175F14A002673FB /* SwiftCodableWithAlamofireUITests.swift */,
				91062B4B2175F14A002673FB /* Info.plist */,
			);
			path = SwiftCodableWithAlamofireUITests;
			sourceTree = "<group>";
		};
/* End PBXGroup section */

/* Begin PBXNativeTarget section */
		91062B252175F145002673FB /* SwiftCodableWithAlamofire */ = {
			isa = PBXNativeTarget;
			buildConfigurationList = 91062B4E2175F14B002673FB /* Build configuration list for PBXNativeTarget "SwiftCodableWithAlamofire" */;
			buildPhases = (
				91062B222175F145002673FB /* Sources */,
				91062B232175F145002673FB /* Frameworks */,
				91062B242175F145002673FB /* Resources */,
			);
			buildRules = (
			);
			dependencies = (
			);
			name = SwiftCodableWithAlamofire;
			productName = SwiftCodableWithAlamofire;
			productReference = 91062B262175F145002673FB /* SwiftCodableWithAlamofire.app */;
			productType = "com.apple.product-type.application";
		};
		91062B392175F14A002673FB /* SwiftCodableWithAlamofireTests */ = {
			isa = PBXNativeTarget;
			buildConfigurationList = 91062B512175F14B002673FB /* Build configuration list for PBXNativeTarget "SwiftCodableWithAlamofireTests" */;
			buildPhases = (
				91062B362175F14A002673FB /* Sources */,
				91062B372175F14A002673FB /* Frameworks */,
				91062B382175F14A002673FB /* Resources */,
			);
			buildRules = (
			);
			dependencies = (
				91062B3C2175F14A002673FB /* PBXTargetDependency */,
			);
			name = SwiftCodableWithAlamofireTests;
			productName = SwiftCodableWithAlamofireTests;
			productReference = 91062B3A2175F14A002673FB /* SwiftCodableWithAlamofireTests.xctest */;
			productType = "com.apple.product-type.bundle.unit-test";
		};
		91062B442175F14A002673FB /* SwiftCodableWithAlamofireUITests */ = {
			isa = PBXNativeTarget;
			buildConfigurationList = 91062B542175F14B002673FB /* Build configuration list for PBXNativeTarget "SwiftCodableWithAlamofireUITests" */;
			buildPhases = (
				91062B412175F14A002673FB /* Sources */,
				91062B422175F14A002673FB /* Frameworks */,
				91062B432175F14A002673FB /* Resources */,
			);
			buildRules = (
			);
			dependencies = (
				91062B472175F14A002673FB /* PBXTargetDependency */,
			);
			name = SwiftCodableWithAlamofireUITests;
			productName = SwiftCodableWithAlamofireUITests;
			productReference = 91062B452175F14A002673FB /* SwiftCodableWithAlamofireUITests.xctest */;
			productType = "com.apple.product-type.bundle.ui-testing";
		};
/* End PBXNativeTarget section */

/* Begin PBXProject section */
		91062B1E2175F145002673FB /* Project object */ = {
			isa = PBXProject;
			attributes = {
				LastSwiftUpdateCheck = 1000;
				LastUpgradeCheck = 1000;
				ORGANIZATIONNAME = "Raghavendra Dattawad";
				TargetAttributes = {
					91062B252175F145002673FB = {
						CreatedOnToolsVersion = 10.0;
					};
					91062B392175F14A002673FB = {
						CreatedOnToolsVersion = 10.0;
						TestTargetID = 91062B252175F145002673FB;
					};
					91062B442175F14A002673FB = {
						CreatedOnToolsVersion = 10.0;
						TestTargetID = 91062B252175F145002673FB;
					};
				};
			};
			buildConfigurationList = 91062B212175F145002673FB /* Build configuration list for PBXProject "SwiftCodableWithAlamofire" */;
			compatibilityVersion = "Xcode 9.3";
			developmentRegion = en;
			hasScannedForEncodings = 0;
			knownRegions = (
				en,
				Base,
			);
			mainGroup = 91062B1D2175F145002673FB;
			productRefGroup = 91062B272175F145002673FB /* Products */;
			projectDirPath = "";
			projectRoot = "";
			targets = (
				91062B252175F145002673FB /* SwiftCodableWithAlamofire */,
				91062B392175F14A002673FB /* SwiftCodableWithAlamofireTests */,
				91062B442175F14A002673FB /* SwiftCodableWithAlamofireUITests */,
			);
		};
/* End PBXProject section */

/* Begin PBXResourcesBuildPhase section */
		91062B242175F145002673FB /* Resources */ = {
			isa = PBXResourcesBuildPhase;
			buildActionMask = 2147483647;
			files = (
				91062B342175F14A002673FB /* LaunchScreen.storyboard in Resources */,
				91062B312175F14A002673FB /* Assets.xcassets in Resources */,
				91062B2F2175F145002673FB /* Main.storyboard in Resources */,
			);
			runOnlyForDeploymentPostprocessing = 0;
		};
		91062B382175F14A002673FB /* Resources */ = {
			isa = PBXResourcesBuildPhase;
			buildActionMask = 2147483647;
			files = (
			);
			runOnlyForDeploymentPostprocessing = 0;
		};
		91062B432175F14A002673FB /* Resources */ = {
			isa = PBXResourcesBuildPhase;
			buildActionMask = 2147483647;
			files = (
			);
			runOnlyForDeploymentPostprocessing = 0;
		};
/* End PBXResourcesBuildPhase section */

/* Begin PBXSourcesBuildPhase section */
		91062B222175F145002673FB /* Sources */ = {
			isa = PBXSourcesBuildPhase;
			buildActionMask = 2147483647;
			files = (
				91062B2C2175F145002673FB /* ViewController.swift in Sources */,
				91062B2A2175F145002673FB /* AppDelegate.swift in Sources */,
			);
			runOnlyForDeploymentPostprocessing = 0;
		};
		91062B362175F14A002673FB /* Sources */ = {
			isa = PBXSourcesBuildPhase;
			buildActionMask = 2147483647;
			files = (
				91062B3F2175F14A002673FB /* SwiftCodableWithAlamofireTests.swift in Sources */,
			);
			runOnlyForDeploymentPostprocessing = 0;
		};
		91062B412175F14A002673FB /* Sources */ = {
			isa = PBXSourcesBuildPhase;
			buildActionMask = 2147483647;
			files = (
				91062B4A2175F14A002673FB /* SwiftCodableWithAlamofireUITests.swift in Sources */,
			);
			runOnlyForDeploymentPostprocessing = 0;
		};
/* End PBXSourcesBuildPhase section */

/* Begin PBXTargetDependency section */
		91062B3C2175F14A002673FB /* PBXTargetDependency */ = {
			isa = PBXTargetDependency;
			target = 91062B252175F145002673FB /* SwiftCodableWithAlamofire */;
			targetProxy = 91062B3B2175F14A002673FB /* PBXContainerItemProxy */;
		};
		91062B472175F14A002673FB /* PBXTargetDependency */ = {
			isa = PBXTargetDependency;
			target = 91062B252175F145002673FB /* SwiftCodableWithAlamofire */;
			targetProxy = 91062B462175F14A002673FB /* PBXContainerItemProxy */;
		};
/* End PBXTargetDependency section */

/* Begin PBXVariantGroup section */
		91062B2D2175F145002673FB /* Main.storyboard */ = {
			isa = PBXVariantGroup;
			children = (
				91062B2E2175F145002673FB /* Base */,
			);
			name = Main.storyboard;
			sourceTree = "<group>";
		};
		91062B322175F14A002673FB /* LaunchScreen.storyboard */ = {
			isa = PBXVariantGroup;
			children = (
				91062B332175F14A002673FB /* Base */,
			);
			name = LaunchScreen.storyboard;
			sourceTree = "<group>";
		};
/* End PBXVariantGroup section */

/* Begin XCBuildConfiguration section */
		91062B4C2175F14B002673FB /* Debug */ = {
			isa = XCBuildConfiguration;
			buildSettings = {
				ALWAYS_SEARCH_USER_PATHS = NO;
				CLANG_ANALYZER_NONNULL = YES;
				CLANG_ANALYZER_NUMBER_OBJECT_CONVERSION = YES_AGGRESSIVE;
				CLANG_CXX_LANGUAGE_STANDARD = "gnu++14";
				CLANG_CXX_LIBRARY = "libc++";
				CLANG_ENABLE_MODULES = YES;
				CLANG_ENABLE_OBJC_ARC = YES;
				CLANG_ENABLE_OBJC_WEAK = YES;
				CLANG_WARN_BLOCK_CAPTURE_AUTORELEASING = YES;
				CLANG_WARN_BOOL_CONVERSION = YES;
				CLANG_WARN_COMMA = YES;
				CLANG_WARN_CONSTANT_CONVERSION = YES;
				CLANG_WARN_DEPRECATED_OBJC_IMPLEMENTATIONS = YES;
				CLANG_WARN_DIRECT_OBJC_ISA_USAGE = YES_ERROR;
				CLANG_WARN_DOCUMENTATION_COMMENTS = YES;
				CLANG_WARN_EMPTY_BODY = YES;
				CLANG_WARN_ENUM_CONVERSION = YES;
				CLANG_WARN_INFINITE_RECURSION = YES;
				CLANG_WARN_INT_CONVERSION = YES;
				CLANG_WARN_NON_LITERAL_NULL_CONVERSION = YES;
				CLANG_WARN_OBJC_IMPLICIT_RETAIN_SELF = YES;
				CLANG_WARN_OBJC_LITERAL_CONVERSION = YES;
				CLANG_WARN_OBJC_ROOT_CLASS = YES_ERROR;
				CLANG_WARN_RANGE_LOOP_ANALYSIS = YES;
				CLANG_WARN_STRICT_PROTOTYPES = YES;
				CLANG_WARN_SUSPICIOUS_MOVE = YES;
				CLANG_WARN_UNGUARDED_AVAILABILITY = YES_AGGRESSIVE;
				CLANG_WARN_UNREACHABLE_CODE = YES;
				CLANG_WARN__DUPLICATE_METHOD_MATCH = YES;
				CODE_SIGN_IDENTITY = "iPhone Developer";
				COPY_PHASE_STRIP = NO;
				DEBUG_INFORMATION_FORMAT = dwarf;
				ENABLE_STRICT_OBJC_MSGSEND = YES;
				ENABLE_TESTABILITY = YES;
				GCC_C_LANGUAGE_STANDARD = gnu11;
				GCC_DYNAMIC_NO_PIC = NO;
				GCC_NO_COMMON_BLOCKS = YES;
				GCC_OPTIMIZATION_LEVEL = 0;
				GCC_PREPROCESSOR_DEFINITIONS = (
					"DEBUG=1",
					"$(inherited)",
				);
				GCC_WARN_64_TO_32_BIT_CONVERSION = YES;
				GCC_WARN_ABOUT_RETURN_TYPE = YES_ERROR;
				GCC_WARN_UNDECLARED_SELECTOR = YES;
				GCC_WARN_UNINITIALIZED_AUTOS = YES_AGGRESSIVE;
				GCC_WARN_UNUSED_FUNCTION = YES;
				GCC_WARN_UNUSED_VARIABLE = YES;
				IPHONEOS_DEPLOYMENT_TARGET = 12.0;
				MTL_ENABLE_DEBUG_INFO = INCLUDE_SOURCE;
				MTL_FAST_MATH = YES;
				ONLY_ACTIVE_ARCH = YES;
				SDKROOT = iphoneos;
				SWIFT_ACTIVE_COMPILATION_CONDITIONS = DEBUG;
				SWIFT_OPTIMIZATION_LEVEL = "-Onone";
			};
			name = Debug;
		};
		91062B4D2175F14B002673FB /* Release */ = {
			isa = XCBuildConfiguration;
			buildSettings = {
				ALWAYS_SEARCH_USER_PATHS = NO;
				CLANG_ANALYZER_NONNULL = YES;
				CLANG_ANALYZER_NUMBER_OBJECT_CONVERSION = YES_AGGRESSIVE;
				CLANG_CXX_LANGUAGE_STANDARD = "gnu++14";
				CLANG_CXX_LIBRARY = "libc++";
				CLANG_ENABLE_MODULES = YES;
				CLANG_ENABLE_OBJC_ARC = YES;
				CLANG_ENABLE_OBJC_WEAK = YES;
				CLANG_WARN_BLOCK_CAPTURE_AUTORELEASING = YES;
				CLANG_WARN_BOOL_CONVERSION = YES;
				CLANG_WARN_COMMA = YES;
				CLANG_WARN_CONSTANT_CONVERSION = YES;
				CLANG_WARN_DEPRECATED_OBJC_IMPLEMENTATIONS = YES;
				CLANG_WARN_DIRECT_OBJC_ISA_USAGE = YES_ERROR;
				CLANG_WARN_DOCUMENTATION_COMMENTS = YES;
				CLANG_WARN_EMPTY_BODY = YES;
				CLANG_WARN_ENUM_CONVERSION = YES;
				CLANG_WARN_INFINITE_RECURSION = YES;
				CLANG_WARN_INT_CONVERSION = YES;
				CLANG_WARN_NON_LITERAL_NULL_CONVERSION = YES;
				CLANG_WARN_OBJC_IMPLICIT_RETAIN_SELF = YES;
				CLANG_WARN_OBJC_LITERAL_CONVERSION = YES;
				CLANG_WARN_OBJC_ROOT_CLASS = YES_ERROR;
				CLANG_WARN_RANGE_LOOP_ANALYSIS = YES;
				CLANG_WARN_STRICT_PROTOTYPES = YES;
				CLANG_WARN_SUSPICIOUS_MOVE = YES;
				CLANG_WARN_UNGUARDED_AVAILABILITY = YES_AGGRESSIVE;
				CLANG_WARN_UNREACHABLE_CODE = YES;
				CLANG_WARN__DUPLICATE_METHOD_MATCH = YES;
				CODE_SIGN_IDENTITY = "iPhone Developer";
				COPY_PHASE_STRIP = NO;
				DEBUG_INFORMATION_FORMAT = "dwarf-with-dsym";
				ENABLE_NS_ASSERTIONS = NO;
				ENABLE_STRICT_OBJC_MSGSEND = YES;
				GCC_C_LANGUAGE_STANDARD = gnu11;
				GCC_NO_COMMON_BLOCKS = YES;
				GCC_WARN_64_TO_32_BIT_CONVERSION = YES;
				GCC_WARN_ABOUT_RETURN_TYPE = YES_ERROR;
				GCC_WARN_UNDECLARED_SELECTOR = YES;
				GCC_WARN_UNINITIALIZED_AUTOS = YES_AGGRESSIVE;
				GCC_WARN_UNUSED_FUNCTION = YES;
				GCC_WARN_UNUSED_VARIABLE = YES;
				IPHONEOS_DEPLOYMENT_TARGET = 12.0;
				MTL_ENABLE_DEBUG_INFO = NO;
				MTL_FAST_MATH = YES;
				SDKROOT = iphoneos;
				SWIFT_COMPILATION_MODE = wholemodule;
				SWIFT_OPTIMIZATION_LEVEL = "-O";
				VALIDATE_PRODUCT = YES;
			};
			name = Release;
		};
		91062B4F2175F14B002673FB /* Debug */ = {
			isa = XCBuildConfiguration;
			buildSettings = {
				ASSETCATALOG_COMPILER_APPICON_NAME = AppIcon;
				CODE_SIGN_STYLE = Automatic;
				INFOPLIST_FILE = SwiftCodableWithAlamofire/Info.plist;
				LD_RUNPATH_SEARCH_PATHS = (
					"$(inherited)",
					"@executable_path/Frameworks",
				);
				PRODUCT_BUNDLE_IDENTIFIER = com.wickride.SwiftCodableWithAlamofire;
				PRODUCT_NAME = "$(TARGET_NAME)";
				SWIFT_VERSION = 4.2;
				TARGETED_DEVICE_FAMILY = "1,2";
			};
			name = Debug;
		};
		91062B502175F14B002673FB /* Release */ = {
			isa = XCBuildConfiguration;
			buildSettings = {
				ASSETCATALOG_COMPILER_APPICON_NAME = AppIcon;
				CODE_SIGN_STYLE = Automatic;
				INFOPLIST_FILE = SwiftCodableWithAlamofire/Info.plist;
				LD_RUNPATH_SEARCH_PATHS = (
					"$(inherited)",
					"@executable_path/Frameworks",
				);
				PRODUCT_BUNDLE_IDENTIFIER = com.wickride.SwiftCodableWithAlamofire;
				PRODUCT_NAME = "$(TARGET_NAME)";
				SWIFT_VERSION = 4.2;
				TARGETED_DEVICE_FAMILY = "1,2";
			};
			name = Release;
		};
		91062B522175F14B002673FB /* Debug */ = {
			isa = XCBuildConfiguration;
			buildSettings = {
				ALWAYS_EMBED_SWIFT_STANDARD_LIBRARIES = YES;
				BUNDLE_LOADER = "$(TEST_HOST)";
				CODE_SIGN_STYLE = Automatic;
				INFOPLIST_FILE = SwiftCodableWithAlamofireTests/Info.plist;
				LD_RUNPATH_SEARCH_PATHS = (
					"$(inherited)",
					"@executable_path/Frameworks",
					"@loader_path/Frameworks",
				);
				PRODUCT_BUNDLE_IDENTIFIER = com.wickride.SwiftCodableWithAlamofireTests;
				PRODUCT_NAME = "$(TARGET_NAME)";
				SWIFT_VERSION = 4.2;
				TARGETED_DEVICE_FAMILY = "1,2";
				TEST_HOST = "$(BUILT_PRODUCTS_DIR)/SwiftCodableWithAlamofire.app/SwiftCodableWithAlamofire";
			};
			name = Debug;
		};
		91062B532175F14B002673FB /* Release */ = {
			isa = XCBuildConfiguration;
			buildSettings = {
				ALWAYS_EMBED_SWIFT_STANDARD_LIBRARIES = YES;
				BUNDLE_LOADER = "$(TEST_HOST)";
				CODE_SIGN_STYLE = Automatic;
				INFOPLIST_FILE = SwiftCodableWithAlamofireTests/Info.plist;
				LD_RUNPATH_SEARCH_PATHS = (
					"$(inherited)",
					"@executable_path/Frameworks",
					"@loader_path/Frameworks",
				);
				PRODUCT_BUNDLE_IDENTIFIER = com.wickride.SwiftCodableWithAlamofireTests;
				PRODUCT_NAME = "$(TARGET_NAME)";
				SWIFT_VERSION = 4.2;
				TARGETED_DEVICE_FAMILY = "1,2";
				TEST_HOST = "$(BUILT_PRODUCTS_DIR)/SwiftCodableWithAlamofire.app/SwiftCodableWithAlamofire";
			};
			name = Release;
		};
		91062B552175F14B002673FB /* Debug */ = {
			isa = XCBuildConfiguration;
			buildSettings = {
				ALWAYS_EMBED_SWIFT_STANDARD_LIBRARIES = YES;
				CODE_SIGN_STYLE = Automatic;
				INFOPLIST_FILE = SwiftCodableWithAlamofireUITests/Info.plist;
				LD_RUNPATH_SEARCH_PATHS = (
					"$(inherited)",
					"@executable_path/Frameworks",
					"@loader_path/Frameworks",
				);
				PRODUCT_BUNDLE_IDENTIFIER = com.wickride.SwiftCodableWithAlamofireUITests;
				PRODUCT_NAME = "$(TARGET_NAME)";
				SWIFT_VERSION = 4.2;
				TARGETED_DEVICE_FAMILY = "1,2";
				TEST_TARGET_NAME = SwiftCodableWithAlamofire;
			};
			name = Debug;
		};
		91062B562175F14B002673FB /* Release */ = {
			isa = XCBuildConfiguration;
			buildSettings = {
				ALWAYS_EMBED_SWIFT_STANDARD_LIBRARIES = YES;
				CODE_SIGN_STYLE = Automatic;
				INFOPLIST_FILE = SwiftCodableWithAlamofireUITests/Info.plist;
				LD_RUNPATH_SEARCH_PATHS = (
					"$(inherited)",
					"@executable_path/Frameworks",
					"@loader_path/Frameworks",
				);
				PRODUCT_BUNDLE_IDENTIFIER = com.wickride.SwiftCodableWithAlamofireUITests;
				PRODUCT_NAME = "$(TARGET_NAME)";
				SWIFT_VERSION = 4.2;
				TARGETED_DEVICE_FAMILY = "1,2";
				TEST_TARGET_NAME = SwiftCodableWithAlamofire;
			};
			name = Release;
		};
/* End XCBuildConfiguration section */

/* Begin XCConfigurationList section */
		91062B212175F145002673FB /* Build configuration list for PBXProject "SwiftCodableWithAlamofire" */ = {
			isa = XCConfigurationList;
			buildConfigurations = (
				91062B4C2175F14B002673FB /* Debug */,
				91062B4D2175F14B002673FB /* Release */,
			);
			defaultConfigurationIsVisible = 0;
			defaultConfigurationName = Release;
		};
		91062B4E2175F14B002673FB /* Build configuration list for PBXNativeTarget "SwiftCodableWithAlamofire" */ = {
			isa = XCConfigurationList;
			buildConfigurations = (
				91062B4F2175F14B002673FB /* Debug */,
				91062B502175F14B002673FB /* Release */,
			);
			defaultConfigurationIsVisible = 0;
			defaultConfigurationName = Release;
		};
		91062B512175F14B002673FB /* Build configuration list for PBXNativeTarget "SwiftCodableWithAlamofireTests" */ = {
			isa = XCConfigurationList;
			buildConfigurations = (
				91062B522175F14B002673FB /* Debug */,
				91062B532175F14B002673FB /* Release */,
			);
			defaultConfigurationIsVisible = 0;
			defaultConfigurationName = Release;
		};
		91062B542175F14B002673FB /* Build configuration list for PBXNativeTarget "SwiftCodableWithAlamofireUITests" */ = {
			isa = XCConfigurationList;
			buildConfigurations = (
				91062B552175F14B002673FB /* Debug */,
				91062B562175F14B002673FB /* Release */,
			);
			defaultConfigurationIsVisible = 0;
			defaultConfigurationName = Release;
		};
/* End XCConfigurationList section */
	};
	rootObject = 91062B1E2175F145002673FB /* Project object */;
}
